dependencies:
- name: postgresql
  repository: oci://registry-1.docker.io/bitnamicharts
  version: 18.2.3
- name: postgresql
  repository: oci://registry-1.docker.io/bitnamicharts
  version: 18.2.3
- name: postgresql
  repository: oci://registry-1.docker.io/bitnamicharts
  version: 18.2.3
- name: postgresql
  repository: oci://registry-1.docker.io/bitnamicharts
  version: 18.2.3
- name: postgresql
  repository: oci://registry-1.docker.io/bitnamicharts
  version: 18.2.3
- name: mlflow
  repository: oci://registry-1.docker.io/bitnamicharts
  version: 5.1.17
- name: opentelemetry-collector
  repository: https://open-telemetry.github.io/opentelemetry-helm-charts
  version: 0.143.0
- name: opentelemetry-collector
  repository: https://open-telemetry.github.io/opentelemetry-helm-charts
  version: 0.143.0
- name: argo-workflows
  repository: https://argoproj.github.io/argo-helm
  version: 0.47.0
- name: milvus
  repository: https://zilliztech.github.io/milvus-helm/
  version: 4.1.11
- name: volcano
  repository: https://volcano-sh.github.io/helm-charts
  version: 1.13.1
digest: sha256:8b88a79fa228aa34f601ea8ab8d9d2224acf2a424d23d8694e9cb46482d85bc7
generated: "2026-01-21T11:31:38.902332-05:00"
